# This file is automatically @generated by Cargo.
# It is not intended for manual editing.
version = 4

[[package]]
name = "hopper-native"
version = "0.4.2"
source = "registry+https://github.com/rust-lang/crates.io-index"
checksum = "1904a25d695bc758a3e18519f76e5b68232dbfbdf9162a50d15df375810c1e16"

[[package]]
name = "hopper-runtime"
version = "0.4.3"
source = "registry+https://github.com/rust-lang/crates.io-index"
checksum = "67d80180f8030e4581a20650b1ff277f41e475688e43973fea0b9453820f81ce"
dependencies = [
 "hopper-native",
]

[[package]]
name = "hopper-sibling-baseline-fixture"
version = "0.0.0"
dependencies = [
 "hopper-native",
 "hopper-runtime",
]
