# This file is automatically @generated by Cargo.
# It is not intended for manual editing.
version = 4

[[package]]
name = "hopper-associated-token"
version = "0.4.0"
dependencies = [
 "hopper-runtime",
 "hopper-solana",
]

[[package]]
name = "hopper-fixed-layout-rejections"
version = "0.0.0"
dependencies = [
 "hopper-lang",
]

[[package]]
name = "hopper-lang"
version = "0.4.0"
dependencies = [
 "hopper-associated-token",
 "hopper-macros",
 "hopper-memo",
 "hopper-runtime",
 "hopper-schema",
 "hopper-solana",
 "hopper-system",
 "hopper-systems",
 "hopper-token",
 "hopper-token-2022",
]

[[package]]
name = "hopper-macros"
version = "0.4.0"
dependencies = [
 "hopper-runtime",
 "hopper-schema",
 "hopper-system",
 "hopper-systems",
]

[[package]]
name = "hopper-memo"
version = "0.4.0"
dependencies = [
 "hopper-runtime",
]

[[package]]
name = "hopper-native"
version = "0.4.0"

[[package]]
name = "hopper-runtime"
version = "0.4.0"
dependencies = [
 "hopper-native",
]

[[package]]
name = "hopper-schema"
version = "0.4.0"
dependencies = [
 "hopper-runtime",
 "hopper-systems",
]

[[package]]
name = "hopper-solana"
version = "0.4.0"
dependencies = [
 "hopper-runtime",
 "hopper-system",
 "hopper-systems",
 "hopper-token",
]

[[package]]
name = "hopper-system"
version = "0.4.0"
dependencies = [
 "hopper-runtime",
]

[[package]]
name = "hopper-systems"
version = "0.4.0"
dependencies = [
 "hopper-runtime",
]

[[package]]
name = "hopper-token"
version = "0.4.0"
dependencies = [
 "hopper-runtime",
]

[[package]]
name = "hopper-token-2022"
version = "0.4.0"
dependencies = [
 "hopper-runtime",
 "hopper-solana",
]
