# This file is automatically @generated by Cargo.
# It is not intended for manual editing.
version = 4

[[package]]
name = "hopper-native"
version = "0.4.1"
source = "registry+https://github.com/rust-lang/crates.io-index"
checksum = "994a1c31d004c1e4c3e1ef996878a2b2d04fb0a4d2d3388c2367823aebcbdaf2"

[[package]]
name = "hopper-patch-consumer"
version = "0.0.0"
dependencies = [
 "hopper-native",
 "hopper-runtime",
]

[[package]]
name = "hopper-runtime"
version = "0.4.1"
source = "registry+https://github.com/rust-lang/crates.io-index"
checksum = "cef00bce9875368eab2bfb1a1f00a885ca51502468502ceca16e99ea215b965e"
dependencies = [
 "hopper-native",
]
